// !$*UTF8*$!
{
	archiveVersion = 1;
	classes = {
	};
	objectVersion = 50;
	objects = {

/* Begin PBXBuildFile section */
		A5272E10222F57240009B897 /* MenuViewController.swift in Sources */ = {isa = PBXBuildFile; fileRef = A5272E0E222F57240009B897 /* MenuViewController.swift */; };
		A5272E11222F57240009B897 /* MenuViewController.xib in Resources */ = {isa = PBXBuildFile; fileRef = A5272E0F222F57240009B897 /* MenuViewController.xib */; };
		A5272E15222F60CE0009B897 /* GameViewController.xib in Resources */ = {isa = PBXBuildFile; fileRef = A5272E13222F60CE0009B897 /* GameViewController.xib */; };
		A52DFA7B2224751E00C7AF59 /* GameScene.swift in Sources */ = {isa = PBXBuildFile; fileRef = A52DFA7A2224751E00C7AF59 /* GameScene.swift */; };
		A52DFA7D2224F62500C7AF59 /* Wall.swift in Sources */ = {isa = PBXBuildFile; fileRef = A52DFA7C2224F62500C7AF59 /* Wall.swift */; };
		A52DFA7F2225EA6700C7AF59 /* Ground.swift in Sources */ = {isa = PBXBuildFile; fileRef = A52DFA7E2225EA6700C7AF59 /* Ground.swift */; };
		A52DFA812225F4DE00C7AF59 /* Ceiling.swift in Sources */ = {isa = PBXBuildFile; fileRef = A52DFA802225F4DE00C7AF59 /* Ceiling.swift */; };
		A52DFA832225F50F00C7AF59 /* Border.swift in Sources */ = {isa = PBXBuildFile; fileRef = A52DFA822225F50F00C7AF59 /* Border.swift */; };
		A52DFA852225F93300C7AF59 /* ScoreNode.swift in Sources */ = {isa = PBXBuildFile; fileRef = A52DFA842225F93300C7AF59 /* ScoreNode.swift */; };
		A52DFA87222605CD00C7AF59 /* Helpers.swift in Sources */ = {isa = PBXBuildFile; fileRef = A52DFA86222605CD00C7AF59 /* Helpers.swift */; };
		A52DFA8922264B6D00C7AF59 /* Brain.swift in Sources */ = {isa = PBXBuildFile; fileRef = A52DFA8822264B6D00C7AF59 /* Brain.swift */; };
		A52DFA8B2227979E00C7AF59 /* GenerationController.swift in Sources */ = {isa = PBXBuildFile; fileRef = A52DFA8A2227979E00C7AF59 /* GenerationController.swift */; };
		A52DFA8D2227992F00C7AF59 /* AIBird.swift in Sources */ = {isa = PBXBuildFile; fileRef = A52DFA8C2227992F00C7AF59 /* AIBird.swift */; };
		A52DFA9222279BA000C7AF59 /* AIGameController.swift in Sources */ = {isa = PBXBuildFile; fileRef = A52DFA9122279BA000C7AF59 /* AIGameController.swift */; };
		A52DFA9522279C9200C7AF59 /* PlayerGameController.swift in Sources */ = {isa = PBXBuildFile; fileRef = A52DFA9422279C9200C7AF59 /* PlayerGameController.swift */; };
		A5A4C82A221C6EA500479EF0 /* AppDelegate.swift in Sources */ = {isa = PBXBuildFile; fileRef = A5A4C829221C6EA500479EF0 /* AppDelegate.swift */; };
		A5A4C832221C6EA500479EF0 /* GameViewController.swift in Sources */ = {isa = PBXBuildFile; fileRef = A5A4C831221C6EA500479EF0 /* GameViewController.swift */; };
		A5A4C837221C6EA600479EF0 /* Assets.xcassets in Resources */ = {isa = PBXBuildFile; fileRef = A5A4C836221C6EA600479EF0 /* Assets.xcassets */; };
		A5A4C83A221C6EA600479EF0 /* LaunchScreen.storyboard in Resources */ = {isa = PBXBuildFile; fileRef = A5A4C838221C6EA600479EF0 /* LaunchScreen.storyboard */; };
		A5A4C845221C6EA600479EF0 /* FlappyAITests.swift in Sources */ = {isa = PBXBuildFile; fileRef = A5A4C844221C6EA600479EF0 /* FlappyAITests.swift */; };
		A5A4C853221C706C00479EF0 /* Bird.swift in Sources */ = {isa = PBXBuildFile; fileRef = A5A4C852221C706C00479EF0 /* Bird.swift */; };
		A5A4C855221C710400479EF0 /* Pipes.swift in Sources */ = {isa = PBXBuildFile; fileRef = A5A4C854221C710400479EF0 /* Pipes.swift */; };
		A5A4C857221C790100479EF0 /* GameController.swift in Sources */ = {isa = PBXBuildFile; fileRef = A5A4C856221C790100479EF0 /* GameController.swift */; };
		A5A4C859222446E500479EF0 /* Pipe.swift in Sources */ = {isa = PBXBuildFile; fileRef = A5A4C858222446E500479EF0 /* Pipe.swift */; };
/* End PBXBuildFile section */

/* Begin PBXContainerItemProxy section */
		A5A4C841221C6EA600479EF0 /* PBXContainerItemProxy */ = {
			isa = PBXContainerItemProxy;
			containerPortal = A5A4C81E221C6EA500479EF0 /* Project object */;
			proxyType = 1;
			remoteGlobalIDString = A5A4C825221C6EA500479EF0;
			remoteInfo = FlappyAI;
		};
/* End PBXContainerItemProxy section */

/* Begin PBXFileReference section */
		A5272E0E222F57240009B897 /* MenuViewController.swift */ = {isa = PBXFileReference; lastKnownFileType = sourcecode.swift; path = MenuViewController.swift; sourceTree = "<group>"; };
		A5272E0F222F57240009B897 /* MenuViewController.xib */ = {isa = PBXFileReference; lastKnownFileType = file.xib; path = MenuViewController.xib; sourceTree = "<group>"; };
		A5272E13222F60CE0009B897 /* GameViewController.xib */ = {isa = PBXFileReference; lastKnownFileType = file.xib; path = GameViewController.xib; sourceTree = "<group>"; };
		A52DFA7A2224751E00C7AF59 /* GameScene.swift */ = {isa = PBXFileReference; lastKnownFileType = sourcecode.swift; path = GameScene.swift; sourceTree = "<group>"; };
		A52DFA7C2224F62500C7AF59 /* Wall.swift */ = {isa = PBXFileReference; lastKnownFileType = sourcecode.swift; path = Wall.swift; sourceTree = "<group>"; };
		A52DFA7E2225EA6700C7AF59 /* Ground.swift */ = {isa = PBXFileReference; lastKnownFileType = sourcecode.swift; path = Ground.swift; sourceTree = "<group>"; };
		A52DFA802225F4DE00C7AF59 /* Ceiling.swift */ = {isa = PBXFileReference; lastKnownFileType = sourcecode.swift; path = Ceiling.swift; sourceTree = "<group>"; };
		A52DFA822225F50F00C7AF59 /* Border.swift */ = {isa = PBXFileReference; lastKnownFileType = sourcecode.swift; path = Border.swift; sourceTree = "<group>"; };
		A52DFA842225F93300C7AF59 /* ScoreNode.swift */ = {isa = PBXFileReference; lastKnownFileType = sourcecode.swift; path = ScoreNode.swift; sourceTree = "<group>"; };
		A52DFA86222605CD00C7AF59 /* Helpers.swift */ = {isa = PBXFileReference; lastKnownFileType = sourcecode.swift; path = Helpers.swift; sourceTree = "<group>"; };
		A52DFA8822264B6D00C7AF59 /* Brain.swift */ = {isa = PBXFileReference; lastKnownFileType = sourcecode.swift; path = Brain.swift; sourceTree = "<group>"; };
		A52DFA8A2227979E00C7AF59 /* GenerationController.swift */ = {isa = PBXFileReference; lastKnownFileType = sourcecode.swift; path = GenerationController.swift; sourceTree = "<group>"; };
		A52DFA8C2227992F00C7AF59 /* AIBird.swift */ = {isa = PBXFileReference; lastKnownFileType = sourcecode.swift; path = AIBird.swift; sourceTree = "<group>"; };
		A52DFA9122279BA000C7AF59 /* AIGameController.swift */ = {isa = PBXFileReference; lastKnownFileType = sourcecode.swift; path = AIGameController.swift; sourceTree = "<group>"; };
		A52DFA9422279C9200C7AF59 /* PlayerGameController.swift */ = {isa = PBXFileReference; lastKnownFileType = sourcecode.swift; path = PlayerGameController.swift; sourceTree = "<group>"; };
		A5A4C826221C6EA500479EF0 /* FlappyAI.app */ = {isa = PBXFileReference; explicitFileType = wrapper.application; includeInIndex = 0; path = FlappyAI.app; sourceTree = BUILT_PRODUCTS_DIR; };
		A5A4C829221C6EA500479EF0 /* AppDelegate.swift */ = {isa = PBXFileReference; lastKnownFileType = sourcecode.swift; path = AppDelegate.swift; sourceTree = "<group>"; };
		A5A4C831221C6EA500479EF0 /* GameViewController.swift */ = {isa = PBXFileReference; lastKnownFileType = sourcecode.swift; path = GameViewController.swift; sourceTree = "<group>"; };
		A5A4C836221C6EA600479EF0 /* Assets.xcassets */ = {isa = PBXFileReference; lastKnownFileType = folder.assetcatalog; path = Assets.xcassets; sourceTree = "<group>"; };
		A5A4C839221C6EA600479EF0 /* Base */ = {isa = PBXFileReference; lastKnownFileType = file.storyboard; name = Base; path = Base.lproj/LaunchScreen.storyboard; sourceTree = "<group>"; };
		A5A4C83B221C6EA600479EF0 /* Info.plist */ = {isa = PBXFileReference; lastKnownFileType = text.plist.xml; path = Info.plist; sourceTree = "<group>"; };
		A5A4C840221C6EA600479EF0 /* FlappyAITests.xctest */ = {isa = PBXFileReference; explicitFileType = wrapper.cfbundle; includeInIndex = 0; path = FlappyAITests.xctest; sourceTree = BUILT_PRODUCTS_DIR; };
		A5A4C844221C6EA600479EF0 /* FlappyAITests.swift */ = {isa = PBXFileReference; lastKnownFileType = sourcecode.swift; path = FlappyAITests.swift; sourceTree = "<group>"; };
		A5A4C846221C6EA600479EF0 /* Info.plist */ = {isa = PBXFileReference; lastKnownFileType = text.plist.xml; path = Info.plist; sourceTree = "<group>"; };
		A5A4C852221C706C00479EF0 /* Bird.swift */ = {isa = PBXFileReference; lastKnownFileType = sourcecode.swift; path = Bird.swift; sourceTree = "<group>"; };
		A5A4C854221C710400479EF0 /* Pipes.swift */ = {isa = PBXFileReference; lastKnownFileType = sourcecode.swift; path = Pipes.swift; sourceTree = "<group>"; };
		A5A4C856221C790100479EF0 /* GameController.swift */ = {isa = PBXFileReference; lastKnownFileType = sourcecode.swift; path = GameController.swift; sourceTree = "<group>"; };
		A5A4C858222446E500479EF0 /* Pipe.swift */ = {isa = PBXFileReference; lastKnownFileType = sourcecode.swift; path = Pipe.swift; sourceTree = "<group>"; };
/* End PBXFileReference section */

/* Begin PBXFrameworksBuildPhase section */
		A5A4C823221C6EA500479EF0 /* Frameworks */ = {
			isa = PBXFrameworksBuildPhase;
			buildActionMask = 2147483647;
			files = (
			);
			runOnlyForDeploymentPostprocessing = 0;
		};
		A5A4C83D221C6EA600479EF0 /* Frameworks */ = {
			isa = PBXFrameworksBuildPhase;
			buildActionMask = 2147483647;
			files = (
			);
			runOnlyForDeploymentPostprocessing = 0;
		};
/* End PBXFrameworksBuildPhase section */

/* Begin PBXGroup section */
		A52DFA8E2227993800C7AF59 /* bird */ = {
			isa = PBXGroup;
			children = (
				A5A4C852221C706C00479EF0 /* Bird.swift */,
				A52DFA8C2227992F00C7AF59 /* AIBird.swift */,
				A52DFA8822264B6D00C7AF59 /* Brain.swift */,
			);
			path = bird;
			sourceTree = "<group>";
		};
		A52DFA8F2227994800C7AF59 /* pipes */ = {
			isa = PBXGroup;
			children = (
				A5A4C854221C710400479EF0 /* Pipes.swift */,
				A5A4C858222446E500479EF0 /* Pipe.swift */,
			);
			path = pipes;
			sourceTree = "<group>";
		};
		A52DFA902227997700C7AF59 /* border */ = {
			isa = PBXGroup;
			children = (
				A52DFA7E2225EA6700C7AF59 /* Ground.swift */,
				A52DFA802225F4DE00C7AF59 /* Ceiling.swift */,
				A52DFA822225F50F00C7AF59 /* Border.swift */,
			);
			path = border;
			sourceTree = "<group>";
		};
		A52DFA9322279BC100C7AF59 /* GameController */ = {
			isa = PBXGroup;
			children = (
				A5A4C856221C790100479EF0 /* GameController.swift */,
				A52DFA9422279C9200C7AF59 /* PlayerGameController.swift */,
				A52DFA9122279BA000C7AF59 /* AIGameController.swift */,
			);
			path = GameController;
			sourceTree = "<group>";
		};
		A5A4C81D221C6EA500479EF0 = {
			isa = PBXGroup;
			children = (
				A5A4C828221C6EA500479EF0 /* FlappyAI */,
				A5A4C843221C6EA600479EF0 /* FlappyAITests */,
				A5A4C827221C6EA500479EF0 /* Products */,
			);
			sourceTree = "<group>";
		};
		A5A4C827221C6EA500479EF0 /* Products */ = {
			isa = PBXGroup;
			children = (
				A5A4C826221C6EA500479EF0 /* FlappyAI.app */,
				A5A4C840221C6EA600479EF0 /* FlappyAITests.xctest */,
			);
			name = Products;
			sourceTree = "<group>";
		};
		A5A4C828221C6EA500479EF0 /* FlappyAI */ = {
			isa = PBXGroup;
			children = (
				A5A4C84F221C700500479EF0 /* model */,
				A5A4C850221C701200479EF0 /* view */,
				A5A4C851221C701D00479EF0 /* controller */,
				A52DFA86222605CD00C7AF59 /* Helpers.swift */,
				A5A4C829221C6EA500479EF0 /* AppDelegate.swift */,
				A5A4C836221C6EA600479EF0 /* Assets.xcassets */,
				A5A4C838221C6EA600479EF0 /* LaunchScreen.storyboard */,
				A5A4C83B221C6EA600479EF0 /* Info.plist */,
			);
			path = FlappyAI;
			sourceTree = "<group>";
		};
		A5A4C843221C6EA600479EF0 /* FlappyAITests */ = {
			isa = PBXGroup;
			children = (
				A5A4C844221C6EA600479EF0 /* FlappyAITests.swift */,
				A5A4C846221C6EA600479EF0 /* Info.plist */,
			);
			path = FlappyAITests;
			sourceTree = "<group>";
		};
		A5A4C84F221C700500479EF0 /* model */ = {
			isa = PBXGroup;
			children = (
				A52DFA8E2227993800C7AF59 /* bird */,
				A52DFA8F2227994800C7AF59 /* pipes */,
				A52DFA902227997700C7AF59 /* border */,
				A52DFA842225F93300C7AF59 /* ScoreNode.swift */,
				A52DFA7C2224F62500C7AF59 /* Wall.swift */,
			);
			path = model;
			sourceTree = "<group>";
		};
		A5A4C850221C701200479EF0 /* view */ = {
			isa = PBXGroup;
			children = (
				A5272E0E222F57240009B897 /* MenuViewController.swift */,
				A5272E0F222F57240009B897 /* MenuViewController.xib */,
				A5A4C831221C6EA500479EF0 /* GameViewController.swift */,
				A5272E13222F60CE0009B897 /* GameViewController.xib */,
			);
			path = view;
			sourceTree = "<group>";
		};
		A5A4C851221C701D00479EF0 /* controller */ = {
			isa = PBXGroup;
			children = (
				A52DFA9322279BC100C7AF59 /* GameController */,
				A52DFA7A2224751E00C7AF59 /* GameScene.swift */,
				A52DFA8A2227979E00C7AF59 /* GenerationController.swift */,
			);
			path = controller;
			sourceTree = "<group>";
		};
/* End PBXGroup section */

/* Begin PBXNativeTarget section */
		A5A4C825221C6EA500479EF0 /* FlappyAI */ = {
			isa = PBXNativeTarget;
			buildConfigurationList = A5A4C849221C6EA600479EF0 /* Build configuration list for PBXNativeTarget "FlappyAI" */;
			buildPhases = (
				A5A4C822221C6EA500479EF0 /* Sources */,
				A5A4C823221C6EA500479EF0 /* Frameworks */,
				A5A4C824221C6EA500479EF0 /* Resources */,
			);
			buildRules = (
			);
			dependencies = (
			);
			name = FlappyAI;
			productName = FlappyAI;
			productReference = A5A4C826221C6EA500479EF0 /* FlappyAI.app */;
			productType = "com.apple.product-type.application";
		};
		A5A4C83F221C6EA600479EF0 /* FlappyAITests */ = {
			isa = PBXNativeTarget;
			buildConfigurationList = A5A4C84C221C6EA600479EF0 /* Build configuration list for PBXNativeTarget "FlappyAITests" */;
			buildPhases = (
				A5A4C83C221C6EA600479EF0 /* Sources */,
				A5A4C83D221C6EA600479EF0 /* Frameworks */,
				A5A4C83E221C6EA600479EF0 /* Resources */,
			);
			buildRules = (
			);
			dependencies = (
				A5A4C842221C6EA600479EF0 /* PBXTargetDependency */,
			);
			name = FlappyAITests;
			productName = FlappyAITests;
			productReference = A5A4C840221C6EA600479EF0 /* FlappyAITests.xctest */;
			productType = "com.apple.product-type.bundle.unit-test";
		};
/* End PBXNativeTarget section */

/* Begin PBXProject section */
		A5A4C81E221C6EA500479EF0 /* Project object */ = {
			isa = PBXProject;
			attributes = {
				LastSwiftUpdateCheck = 1010;
				LastUpgradeCheck = 1010;
				ORGANIZATIONNAME = "Matheus Lourenco Fernandes Soares";
				TargetAttributes = {
					A5A4C825221C6EA500479EF0 = {
						CreatedOnToolsVersion = 10.1;
					};
					A5A4C83F221C6EA600479EF0 = {
						CreatedOnToolsVersion = 10.1;
						TestTargetID = A5A4C825221C6EA500479EF0;
					};
				};
			};
			buildConfigurationList = A5A4C821221C6EA500479EF0 /* Build configuration list for PBXProject "FlappyAI" */;
			compatibilityVersion = "Xcode 9.3";
			developmentRegion = en;
			hasScannedForEncodings = 0;
			knownRegions = (
				en,
				Base,
			);
			mainGroup = A5A4C81D221C6EA500479EF0;
			productRefGroup = A5A4C827221C6EA500479EF0 /* Products */;
			projectDirPath = "";
			projectRoot = "";
			targets = (
				A5A4C825221C6EA500479EF0 /* FlappyAI */,
				A5A4C83F221C6EA600479EF0 /* FlappyAITests */,
			);
		};
/* End PBXProject section */

/* Begin PBXResourcesBuildPhase section */
		A5A4C824221C6EA500479EF0 /* Resources */ = {
			isa = PBXResourcesBuildPhase;
			buildActionMask = 2147483647;
			files = (
				A5272E15222F60CE0009B897 /* GameViewController.xib in Resources */,
				A5A4C837221C6EA600479EF0 /* Assets.xcassets in Resources */,
				A5272E11222F57240009B897 /* MenuViewController.xib in Resources */,
				A5A4C83A221C6EA600479EF0 /* LaunchScreen.storyboard in Resources */,
			);
			runOnlyForDeploymentPostprocessing = 0;
		};
		A5A4C83E221C6EA600479EF0 /* Resources */ = {
			isa = PBXResourcesBuildPhase;
			buildActionMask = 2147483647;
			files = (
			);
			runOnlyForDeploymentPostprocessing = 0;
		};
/* End PBXResourcesBuildPhase section */

/* Begin PBXSourcesBuildPhase section */
		A5A4C822221C6EA500479EF0 /* Sources */ = {
			isa = PBXSourcesBuildPhase;
			buildActionMask = 2147483647;
			files = (
				A52DFA7B2224751E00C7AF59 /* GameScene.swift in Sources */,
				A5272E10222F57240009B897 /* MenuViewController.swift in Sources */,
				A52DFA832225F50F00C7AF59 /* Border.swift in Sources */,
				A52DFA8D2227992F00C7AF59 /* AIBird.swift in Sources */,
				A5A4C857221C790100479EF0 /* GameController.swift in Sources */,
				A5A4C855221C710400479EF0 /* Pipes.swift in Sources */,
				A52DFA8B2227979E00C7AF59 /* GenerationController.swift in Sources */,
				A52DFA812225F4DE00C7AF59 /* Ceiling.swift in Sources */,
				A5A4C853221C706C00479EF0 /* Bird.swift in Sources */,
				A52DFA9522279C9200C7AF59 /* PlayerGameController.swift in Sources */,
				A5A4C859222446E500479EF0 /* Pipe.swift in Sources */,
				A52DFA9222279BA000C7AF59 /* AIGameController.swift in Sources */,
				A52DFA7D2224F62500C7AF59 /* Wall.swift in Sources */,
				A52DFA852225F93300C7AF59 /* ScoreNode.swift in Sources */,
				A52DFA8922264B6D00C7AF59 /* Brain.swift in Sources */,
				A52DFA7F2225EA6700C7AF59 /* Ground.swift in Sources */,
				A52DFA87222605CD00C7AF59 /* Helpers.swift in Sources */,
				A5A4C832221C6EA500479EF0 /* GameViewController.swift in Sources */,
				A5A4C82A221C6EA500479EF0 /* AppDelegate.swift in Sources */,
			);
			runOnlyForDeploymentPostprocessing = 0;
		};
		A5A4C83C221C6EA600479EF0 /* Sources */ = {
			isa = PBXSourcesBuildPhase;
			buildActionMask = 2147483647;
			files = (
				A5A4C845221C6EA600479EF0 /* FlappyAITests.swift in Sources */,
			);
			runOnlyForDeploymentPostprocessing = 0;
		};
/* End PBXSourcesBuildPhase section */

/* Begin PBXTargetDependency section */
		A5A4C842221C6EA600479EF0 /* PBXTargetDependency */ = {
			isa = PBXTargetDependency;
			target = A5A4C825221C6EA500479EF0 /* FlappyAI */;
			targetProxy = A5A4C841221C6EA600479EF0 /* PBXContainerItemProxy */;
		};
/* End PBXTargetDependency section */

/* Begin PBXVariantGroup section */
		A5A4C838221C6EA600479EF0 /* LaunchScreen.storyboard */ = {
			isa = PBXVariantGroup;
			children = (
				A5A4C839221C6EA600479EF0 /* Base */,
			);
			name = LaunchScreen.storyboard;
			sourceTree = "<group>";
		};
/* End PBXVariantGroup section */

/* Begin XCBuildConfiguration section */
		A5A4C847221C6EA600479EF0 /* Debug */ = {
			isa = XCBuildConfiguration;
			buildSettings = {
				ALWAYS_SEARCH_USER_PATHS = NO;
				CLANG_ANALYZER_NONNULL = YES;
				CLANG_ANALYZER_NUMBER_OBJECT_CONVERSION = YES_AGGRESSIVE;
				CLANG_CXX_LANGUAGE_STANDARD = "gnu++14";
				CLANG_CXX_LIBRARY = "libc++";
				CLANG_ENABLE_MODULES = YES;
				CLANG_ENABLE_OBJC_ARC = YES;
				CLANG_ENABLE_OBJC_WEAK = YES;
				CLANG_WARN_BLOCK_CAPTURE_AUTORELEASING = YES;
				CLANG_WARN_BOOL_CONVERSION = YES;
				CLANG_WARN_COMMA = YES;
				CLANG_WARN_CONSTANT_CONVERSION = YES;
				CLANG_WARN_DEPRECATED_OBJC_IMPLEMENTATIONS = YES;
				CLANG_WARN_DIRECT_OBJC_ISA_USAGE = YES_ERROR;
				CLANG_WARN_DOCUMENTATION_COMMENTS = YES;
				CLANG_WARN_EMPTY_BODY = YES;
				CLANG_WARN_ENUM_CONVERSION = YES;
				CLANG_WARN_INFINITE_RECURSION = YES;
				CLANG_WARN_INT_CONVERSION = YES;
				CLANG_WARN_NON_LITERAL_NULL_CONVERSION = YES;
				CLANG_WARN_OBJC_IMPLICIT_RETAIN_SELF = YES;
				CLANG_WARN_OBJC_LITERAL_CONVERSION = YES;
				CLANG_WARN_OBJC_ROOT_CLASS = YES_ERROR;
				CLANG_WARN_RANGE_LOOP_ANALYSIS = YES;
				CLANG_WARN_STRICT_PROTOTYPES = YES;
				CLANG_WARN_SUSPICIOUS_MOVE = YES;
				CLANG_WARN_UNGUARDED_AVAILABILITY = YES_AGGRESSIVE;
				CLANG_WARN_UNREACHABLE_CODE = YES;
				CLANG_WARN__DUPLICATE_METHOD_MATCH = YES;
				CODE_SIGN_IDENTITY = "iPhone Developer";
				COPY_PHASE_STRIP = NO;
				DEBUG_INFORMATION_FORMAT = dwarf;
				ENABLE_STRICT_OBJC_MSGSEND = YES;
				ENABLE_TESTABILITY = YES;
				GCC_C_LANGUAGE_STANDARD = gnu11;
				GCC_DYNAMIC_NO_PIC = NO;
				GCC_NO_COMMON_BLOCKS = YES;
				GCC_OPTIMIZATION_LEVEL = 0;
				GCC_PREPROCESSOR_DEFINITIONS = (
					"DEBUG=1",
					"$(inherited)",
				);
				GCC_WARN_64_TO_32_BIT_CONVERSION = YES;
				GCC_WARN_ABOUT_RETURN_TYPE = YES_ERROR;
				GCC_WARN_UNDECLARED_SELECTOR = YES;
				GCC_WARN_UNINITIALIZED_AUTOS = YES_AGGRESSIVE;
				GCC_WARN_UNUSED_FUNCTION = YES;
				GCC_WARN_UNUSED_VARIABLE = YES;
				IPHONEOS_DEPLOYMENT_TARGET = 12.1;
				MTL_ENABLE_DEBUG_INFO = INCLUDE_SOURCE;
				MTL_FAST_MATH = YES;
				ONLY_ACTIVE_ARCH = YES;
				SDKROOT = iphoneos;
				SWIFT_ACTIVE_COMPILATION_CONDITIONS = DEBUG;
				SWIFT_OPTIMIZATION_LEVEL = "-Onone";
			};
			name = Debug;
		};
		A5A4C848221C6EA600479EF0 /* Release */ = {
			isa = XCBuildConfiguration;
			buildSettings = {
				ALWAYS_SEARCH_USER_PATHS = NO;
				CLANG_ANALYZER_NONNULL = YES;
				CLANG_ANALYZER_NUMBER_OBJECT_CONVERSION = YES_AGGRESSIVE;
				CLANG_CXX_LANGUAGE_STANDARD = "gnu++14";
				CLANG_CXX_LIBRARY = "libc++";
				CLANG_ENABLE_MODULES = YES;
				CLANG_ENABLE_OBJC_ARC = YES;
				CLANG_ENABLE_OBJC_WEAK = YES;
				CLANG_WARN_BLOCK_CAPTURE_AUTORELEASING = YES;
				CLANG_WARN_BOOL_CONVERSION = YES;
				CLANG_WARN_COMMA = YES;
				CLANG_WARN_CONSTANT_CONVERSION = YES;
				CLANG_WARN_DEPRECATED_OBJC_IMPLEMENTATIONS = YES;
				CLANG_WARN_DIRECT_OBJC_ISA_USAGE = YES_ERROR;
				CLANG_WARN_DOCUMENTATION_COMMENTS = YES;
				CLANG_WARN_EMPTY_BODY = YES;
				CLANG_WARN_ENUM_CONVERSION = YES;
				CLANG_WARN_INFINITE_RECURSION = YES;
				CLANG_WARN_INT_CONVERSION = YES;
				CLANG_WARN_NON_LITERAL_NULL_CONVERSION = YES;
				CLANG_WARN_OBJC_IMPLICIT_RETAIN_SELF = YES;
				CLANG_WARN_OBJC_LITERAL_CONVERSION = YES;
				CLANG_WARN_OBJC_ROOT_CLASS = YES_ERROR;
				CLANG_WARN_RANGE_LOOP_ANALYSIS = YES;
				CLANG_WARN_STRICT_PROTOTYPES = YES;
				CLANG_WARN_SUSPICIOUS_MOVE = YES;
				CLANG_WARN_UNGUARDED_AVAILABILITY = YES_AGGRESSIVE;
				CLANG_WARN_UNREACHABLE_CODE = YES;
				CLANG_WARN__DUPLICATE_METHOD_MATCH = YES;
				CODE_SIGN_IDENTITY = "iPhone Developer";
				COPY_PHASE_STRIP = NO;
				DEBUG_INFORMATION_FORMAT = "dwarf-with-dsym";
				ENABLE_NS_ASSERTIONS = NO;
				ENABLE_STRICT_OBJC_MSGSEND = YES;
				GCC_C_LANGUAGE_STANDARD = gnu11;
				GCC_NO_COMMON_BLOCKS = YES;
				GCC_WARN_64_TO_32_BIT_CONVERSION = YES;
				GCC_WARN_ABOUT_RETURN_TYPE = YES_ERROR;
				GCC_WARN_UNDECLARED_SELECTOR = YES;
				GCC_WARN_UNINITIALIZED_AUTOS = YES_AGGRESSIVE;
				GCC_WARN_UNUSED_FUNCTION = YES;
				GCC_WARN_UNUSED_VARIABLE = YES;
				IPHONEOS_DEPLOYMENT_TARGET = 12.1;
				MTL_ENABLE_DEBUG_INFO = NO;
				MTL_FAST_MATH = YES;
				SDKROOT = iphoneos;
				SWIFT_COMPILATION_MODE = wholemodule;
				SWIFT_OPTIMIZATION_LEVEL = "-O";
				VALIDATE_PRODUCT = YES;
			};
			name = Release;
		};
		A5A4C84A221C6EA600479EF0 /* Debug */ = {
			isa = XCBuildConfiguration;
			buildSettings = {
				ASSETCATALOG_COMPILER_APPICON_NAME = AppIcon;
				CODE_SIGN_STYLE = Automatic;
				DEVELOPMENT_TEAM = EQQQP3638J;
				INFOPLIST_FILE = FlappyAI/Info.plist;
				LD_RUNPATH_SEARCH_PATHS = (
					"$(inherited)",
					"@executable_path/Frameworks",
				);
				PRODUCT_BUNDLE_IDENTIFIER = mlfs95.FlappyAI;
				PRODUCT_NAME = "$(TARGET_NAME)";
				SWIFT_VERSION = 4.2;
				TARGETED_DEVICE_FAMILY = "1,2";
			};
			name = Debug;
		};
		A5A4C84B221C6EA600479EF0 /* Release */ = {
			isa = XCBuildConfiguration;
			buildSettings = {
				ASSETCATALOG_COMPILER_APPICON_NAME = AppIcon;
				CODE_SIGN_STYLE = Automatic;
				DEVELOPMENT_TEAM = EQQQP3638J;
				INFOPLIST_FILE = FlappyAI/Info.plist;
				LD_RUNPATH_SEARCH_PATHS = (
					"$(inherited)",
					"@executable_path/Frameworks",
				);
				PRODUCT_BUNDLE_IDENTIFIER = mlfs95.FlappyAI;
				PRODUCT_NAME = "$(TARGET_NAME)";
				SWIFT_VERSION = 4.2;
				TARGETED_DEVICE_FAMILY = "1,2";
			};
			name = Release;
		};
		A5A4C84D221C6EA600479EF0 /* Debug */ = {
			isa = XCBuildConfiguration;
			buildSettings = {
				ALWAYS_EMBED_SWIFT_STANDARD_LIBRARIES = YES;
				BUNDLE_LOADER = "$(TEST_HOST)";
				CODE_SIGN_STYLE = Automatic;
				DEVELOPMENT_TEAM = EQQQP3638J;
				INFOPLIST_FILE = FlappyAITests/Info.plist;
				LD_RUNPATH_SEARCH_PATHS = (
					"$(inherited)",
					"@executable_path/Frameworks",
					"@loader_path/Frameworks",
				);
				PRODUCT_BUNDLE_IDENTIFIER = mlfs95.FlappyAITests;
				PRODUCT_NAME = "$(TARGET_NAME)";
				SWIFT_VERSION = 4.2;
				TARGETED_DEVICE_FAMILY = "1,2";
				TEST_HOST = "$(BUILT_PRODUCTS_DIR)/FlappyAI.app/FlappyAI";
			};
			name = Debug;
		};
		A5A4C84E221C6EA600479EF0 /* Release */ = {
			isa = XCBuildConfiguration;
			buildSettings = {
				ALWAYS_EMBED_SWIFT_STANDARD_LIBRARIES = YES;
				BUNDLE_LOADER = "$(TEST_HOST)";
				CODE_SIGN_STYLE = Automatic;
				DEVELOPMENT_TEAM = EQQQP3638J;
				INFOPLIST_FILE = FlappyAITests/Info.plist;
				LD_RUNPATH_SEARCH_PATHS = (
					"$(inherited)",
					"@executable_path/Frameworks",
					"@loader_path/Frameworks",
				);
				PRODUCT_BUNDLE_IDENTIFIER = mlfs95.FlappyAITests;
				PRODUCT_NAME = "$(TARGET_NAME)";
				SWIFT_VERSION = 4.2;
				TARGETED_DEVICE_FAMILY = "1,2";
				TEST_HOST = "$(BUILT_PRODUCTS_DIR)/FlappyAI.app/FlappyAI";
			};
			name = Release;
		};
/* End XCBuildConfiguration section */

/* Begin XCConfigurationList section */
		A5A4C821221C6EA500479EF0 /* Build configuration list for PBXProject "FlappyAI" */ = {
			isa = XCConfigurationList;
			buildConfigurations = (
				A5A4C847221C6EA600479EF0 /* Debug */,
				A5A4C848221C6EA600479EF0 /* Release */,
			);
			defaultConfigurationIsVisible = 0;
			defaultConfigurationName = Release;
		};
		A5A4C849221C6EA600479EF0 /* Build configuration list for PBXNativeTarget "FlappyAI" */ = {
			isa = XCConfigurationList;
			buildConfigurations = (
				A5A4C84A221C6EA600479EF0 /* Debug */,
				A5A4C84B221C6EA600479EF0 /* Release */,
			);
			defaultConfigurationIsVisible = 0;
			defaultConfigurationName = Release;
		};
		A5A4C84C221C6EA600479EF0 /* Build configuration list for PBXNativeTarget "FlappyAITests" */ = {
			isa = XCConfigurationList;
			buildConfigurations = (
				A5A4C84D221C6EA600479EF0 /* Debug */,
				A5A4C84E221C6EA600479EF0 /* Release */,
			);
			defaultConfigurationIsVisible = 0;
			defaultConfigurationName = Release;
		};
/* End XCConfigurationList section */
	};
	rootObject = A5A4C81E221C6EA500479EF0 /* Project object */;
}
